
Microsoft Visual Studio Solution File, Format Version 12.00
# Visual Studio Version 16
VisualStudioVersion = 16.0.30717.126
MinimumVisualStudioVersion = 10.0.40219.1
Project("{9A19103F-16F7-4668-BE54-9A1E7A4F7556}") = "Earthlings", "Earthlings.csproj", "{AA9A9D35-EC89-4F11-89DF-5F30308DBC9D}"
EndProject
Global
	GlobalSection(SolutionConfigurationPlatforms) = preSolution
		Debug|Any CPU = Debug|Any CPU
		Release|Any CPU = Release|Any CPU
	EndGlobalSection
	GlobalSection(ProjectConfigurationPlatforms) = postSolution
		{AA9A9D35-EC89-4F11-89DF-5F30308DBC9D}.Debug|Any CPU.ActiveCfg = Debug|Any CPU
		{AA9A9D35-EC89-4F11-89DF-5F30308DBC9D}.Debug|Any CPU.Build.0 = Debug|Any CPU
		{AA9A9D35-EC89-4F11-89DF-5F30308DBC9D}.Release|Any CPU.ActiveCfg = Release|Any CPU
		{AA9A9D35-EC89-4F11-89DF-5F30308DBC9D}.Release|Any CPU.Build.0 = Release|Any CPU
	EndGlobalSection
	GlobalSection(SolutionProperties) = preSolution
		HideSolutionNode = FALSE
	EndGlobalSection
	GlobalSection(ExtensibilityGlobals) = postSolution
		SolutionGuid = {B281BA54-9EC6-4A0D-B05E-5140B9E12E8D}
	EndGlobalSection
EndGlobal
